
Microsoft Visual Studio Solution File, Format Version 12.00
# Visual Studio Version 17
VisualStudioVersion = 17.14.36429.23 d17.14
MinimumVisualStudioVersion = 10.0.40219.1
Project("{FAE04EC0-301F-11D3-BF4B-00C04F79EFBC}") = "JeuDeNim", "JeuDeNim\JeuDeNim.csproj", "{FFADDA4D-563F-41E3-B4F2-C40B51DC5D28}"
EndProject
Global
	GlobalSection(SolutionConfigurationPlatforms) = preSolution
		Debug|Any CPU = Debug|Any CPU
		Release|Any CPU = Release|Any CPU
	EndGlobalSection
	GlobalSection(ProjectConfigurationPlatforms) = postSolution
		{FFADDA4D-563F-41E3-B4F2-C40B51DC5D28}.Debug|Any CPU.ActiveCfg = Debug|Any CPU
		{FFADDA4D-563F-41E3-B4F2-C40B51DC5D28}.Debug|Any CPU.Build.0 = Debug|Any CPU
		{FFADDA4D-563F-41E3-B4F2-C40B51DC5D28}.Release|Any CPU.ActiveCfg = Release|Any CPU
		{FFADDA4D-563F-41E3-B4F2-C40B51DC5D28}.Release|Any CPU.Build.0 = Release|Any CPU
	EndGlobalSection
	GlobalSection(SolutionProperties) = preSolution
		HideSolutionNode = FALSE
	EndGlobalSection
	GlobalSection(ExtensibilityGlobals) = postSolution
		SolutionGuid = {DEADCC7F-F549-4699-AA64-09EE362D12EE}
	EndGlobalSection
EndGlobal
